{
    "name": "my-merge-queue",
    "version": "1.0.0",
    "lockfileVersion": 3,
    "requires": true,
    "packages": {
        "": {
            "name": "my-merge-queue",
            "version": "1.0.0",
            "license": "MIT",
            "dependencies": {
                "@actions/core": "^1.10.1",
                "@octokit/action": "^7.0.0",
                "@octokit/auth-action": "^5.1.1",
                "octokit": "^4.0.2"
            },
            "devDependencies": {
                "@octokit/graphql-schema": "^15.25.0",
                "esbuild": "^0.23.0",
                "typescript": "^5.5.3"
            }
        },
        "node_modules/@actions/core": {
            "version": "1.10.1",
            "resolved": "https://registry.npmjs.org/@actions/core/-/core-1.10.1.tgz",
            "integrity": "sha512-3lBR9EDAY+iYIpTnTIXmWcNbX3T2kCkAEQGIQx4NVQ0575nk2k3GRZDTPQG+vVtS2izSLmINlxXf0uLtnrTP+g==",
            "dependencies": {
                "@actions/http-client": "^2.0.1",
                "uuid": "^8.3.2"
            }
        },
        "node_modules/@actions/http-client": {
            "version": "2.2.1",
            "resolved": "https://registry.npmjs.org/@actions/http-client/-/http-client-2.2.1.tgz",
            "integrity": "sha512-KhC/cZsq7f8I4LfZSJKgCvEwfkE8o1538VoBeoGzokVLLnbFDEAdFD3UhoMklxo2un9NJVBdANOresx7vTHlHw==",
            "dependencies": {
                "tunnel": "^0.0.6",
                "undici": "^5.25.4"
            }
        },
        "node_modules/@esbuild/aix-ppc64": {
            "version": "0.23.0",
            "resolved": "https://registry.npmjs.org/@esbuild/aix-ppc64/-/aix-ppc64-0.23.0.tgz",
            "integrity": "sha512-3sG8Zwa5fMcA9bgqB8AfWPQ+HFke6uD3h1s3RIwUNK8EG7a4buxvuFTs3j1IMs2NXAk9F30C/FF4vxRgQCcmoQ==",
            "cpu": [
                "ppc64"
            ],
            "dev": true,
            "optional": true,
            "os": [
                "aix"
            ],
            "engines": {
                "node": ">=18"
            }
        },
        "node_modules/@esbuild/android-arm": {
            "version": "0.23.0",
            "resolved": "https://registry.npmjs.org/@esbuild/android-arm/-/android-arm-0.23.0.tgz",
            "integrity": "sha512-+KuOHTKKyIKgEEqKbGTK8W7mPp+hKinbMBeEnNzjJGyFcWsfrXjSTNluJHCY1RqhxFurdD8uNXQDei7qDlR6+g==",
            "cpu": [
                "arm"
            ],
            "dev": true,
            "optional": true,
            "os": [
                "android"
            ],
            "engines": {
                "node": ">=18"
            }
        },
        "node_modules/@esbuild/android-arm64": {
            "version": "0.23.0",
            "resolved": "https://registry.npmjs.org/@esbuild/android-arm64/-/android-arm64-0.23.0.tgz",
            "integrity": "sha512-EuHFUYkAVfU4qBdyivULuu03FhJO4IJN9PGuABGrFy4vUuzk91P2d+npxHcFdpUnfYKy0PuV+n6bKIpHOB3prQ==",
            "cpu": [
                "arm64"
            ],
            "dev": true,
            "optional": true,
            "os": [
                "android"
            ],
            "engines": {
                "node": ">=18"
            }
        },
        "node_modules/@esbuild/android-x64": {
            "version": "0.23.0",
            "resolved": "https://registry.npmjs.org/@esbuild/android-x64/-/android-x64-0.23.0.tgz",
            "integrity": "sha512-WRrmKidLoKDl56LsbBMhzTTBxrsVwTKdNbKDalbEZr0tcsBgCLbEtoNthOW6PX942YiYq8HzEnb4yWQMLQuipQ==",
            "cpu": [
                "x64"
            ],
            "dev": true,
            "optional": true,
            "os": [
                "android"
            ],
            "engines": {
                "node": ">=18"
            }
        },
        "node_modules/@esbuild/darwin-arm64": {
            "version": "0.23.0",
            "resolved": "https://registry.npmjs.org/@esbuild/darwin-arm64/-/darwin-arm64-0.23.0.tgz",
            "integrity": "sha512-YLntie/IdS31H54Ogdn+v50NuoWF5BDkEUFpiOChVa9UnKpftgwzZRrI4J132ETIi+D8n6xh9IviFV3eXdxfow==",
            "cpu": [
                "arm64"
            ],
            "dev": true,
            "optional": true,
            "os": [
                "darwin"
            ],
            "engines": {
                "node": ">=18"
            }
        },
        "node_modules/@esbuild/darwin-x64": {
            "version": "0.23.0",
            "resolved": "https://registry.npmjs.org/@esbuild/darwin-x64/-/darwin-x64-0.23.0.tgz",
            "integrity": "sha512-IMQ6eme4AfznElesHUPDZ+teuGwoRmVuuixu7sv92ZkdQcPbsNHzutd+rAfaBKo8YK3IrBEi9SLLKWJdEvJniQ==",
            "cpu": [
                "x64"
            ],
            "dev": true,
            "optional": true,
            "os": [
                "darwin"
            ],
            "engines": {
                "node": ">=18"
            }
        },
        "node_modules/@esbuild/freebsd-arm64": {
            "version": "0.23.0",
            "resolved": "https://registry.npmjs.org/@esbuild/freebsd-arm64/-/freebsd-arm64-0.23.0.tgz",
            "integrity": "sha512-0muYWCng5vqaxobq6LB3YNtevDFSAZGlgtLoAc81PjUfiFz36n4KMpwhtAd4he8ToSI3TGyuhyx5xmiWNYZFyw==",
            "cpu": [
                "arm64"
            ],
            "dev": true,
            "optional": true,
            "os": [
                "freebsd"
            ],
            "engines": {
                "node": ">=18"
            }
        },
        "node_modules/@esbuild/freebsd-x64": {
            "version": "0.23.0",
            "resolved": "https://registry.npmjs.org/@esbuild/freebsd-x64/-/freebsd-x64-0.23.0.tgz",
            "integrity": "sha512-XKDVu8IsD0/q3foBzsXGt/KjD/yTKBCIwOHE1XwiXmrRwrX6Hbnd5Eqn/WvDekddK21tfszBSrE/WMaZh+1buQ==",
            "cpu": [
                "x64"
            ],
            "dev": true,
            "optional": true,
            "os": [
                "freebsd"
            ],
            "engines": {
                "node": ">=18"
            }
        },
        "node_modules/@esbuild/linux-arm": {
            "version": "0.23.0",
            "resolved": "https://registry.npmjs.org/@esbuild/linux-arm/-/linux-arm-0.23.0.tgz",
            "integrity": "sha512-SEELSTEtOFu5LPykzA395Mc+54RMg1EUgXP+iw2SJ72+ooMwVsgfuwXo5Fn0wXNgWZsTVHwY2cg4Vi/bOD88qw==",
            "cpu": [
                "arm"
            ],
            "dev": true,
            "optional": true,
            "os": [
                "linux"
            ],
            "engines": {
                "node": ">=18"
            }
        },
        "node_modules/@esbuild/linux-arm64": {
            "version": "0.23.0",
            "resolved": "https://registry.npmjs.org/@esbuild/linux-arm64/-/linux-arm64-0.23.0.tgz",
            "integrity": "sha512-j1t5iG8jE7BhonbsEg5d9qOYcVZv/Rv6tghaXM/Ug9xahM0nX/H2gfu6X6z11QRTMT6+aywOMA8TDkhPo8aCGw==",
            "cpu": [
                "arm64"
            ],
            "dev": true,
            "optional": true,
            "os": [
                "linux"
            ],
            "engines": {
                "node": ">=18"
            }
        },
        "node_modules/@esbuild/linux-ia32": {
            "version": "0.23.0",
            "resolved": "https://registry.npmjs.org/@esbuild/linux-ia32/-/linux-ia32-0.23.0.tgz",
            "integrity": "sha512-P7O5Tkh2NbgIm2R6x1zGJJsnacDzTFcRWZyTTMgFdVit6E98LTxO+v8LCCLWRvPrjdzXHx9FEOA8oAZPyApWUA==",
            "cpu": [
                "ia32"
            ],
            "dev": true,
            "optional": true,
            "os": [
                "linux"
            ],
            "engines": {
                "node": ">=18"
            }
        },
        "node_modules/@esbuild/linux-loong64": {
            "version": "0.23.0",
            "resolved": "https://registry.npmjs.org/@esbuild/linux-loong64/-/linux-loong64-0.23.0.tgz",
            "integrity": "sha512-InQwepswq6urikQiIC/kkx412fqUZudBO4SYKu0N+tGhXRWUqAx+Q+341tFV6QdBifpjYgUndV1hhMq3WeJi7A==",
            "cpu": [
                "loong64"
            ],
            "dev": true,
            "optional": true,
            "os": [
                "linux"
            ],
            "engines": {
                "node": ">=18"
            }
        },
        "node_modules/@esbuild/linux-mips64el": {
            "version": "0.23.0",
            "resolved": "https://registry.npmjs.org/@esbuild/linux-mips64el/-/linux-mips64el-0.23.0.tgz",
            "integrity": "sha512-J9rflLtqdYrxHv2FqXE2i1ELgNjT+JFURt/uDMoPQLcjWQA5wDKgQA4t/dTqGa88ZVECKaD0TctwsUfHbVoi4w==",
            "cpu": [
                "mips64el"
            ],
            "dev": true,
            "optional": true,
            "os": [
                "linux"
            ],
            "engines": {
                "node": ">=18"
            }
        },
        "node_modules/@esbuild/linux-ppc64": {
            "version": "0.23.0",
            "resolved": "https://registry.npmjs.org/@esbuild/linux-ppc64/-/linux-ppc64-0.23.0.tgz",
            "integrity": "sha512-cShCXtEOVc5GxU0fM+dsFD10qZ5UpcQ8AM22bYj0u/yaAykWnqXJDpd77ublcX6vdDsWLuweeuSNZk4yUxZwtw==",
            "cpu": [
                "ppc64"
            ],
            "dev": true,
            "optional": true,
            "os": [
                "linux"
            ],
            "engines": {
                "node": ">=18"
            }
        },
        "node_modules/@esbuild/linux-riscv64": {
            "version": "0.23.0",
            "resolved": "https://registry.npmjs.org/@esbuild/linux-riscv64/-/linux-riscv64-0.23.0.tgz",
            "integrity": "sha512-HEtaN7Y5UB4tZPeQmgz/UhzoEyYftbMXrBCUjINGjh3uil+rB/QzzpMshz3cNUxqXN7Vr93zzVtpIDL99t9aRw==",
            "cpu": [
                "riscv64"
            ],
            "dev": true,
            "optional": true,
            "os": [
                "linux"
            ],
            "engines": {
                "node": ">=18"
            }
        },
        "node_modules/@esbuild/linux-s390x": {
            "version": "0.23.0",
            "resolved": "https://registry.npmjs.org/@esbuild/linux-s390x/-/linux-s390x-0.23.0.tgz",
            "integrity": "sha512-WDi3+NVAuyjg/Wxi+o5KPqRbZY0QhI9TjrEEm+8dmpY9Xir8+HE/HNx2JoLckhKbFopW0RdO2D72w8trZOV+Wg==",
            "cpu": [
                "s390x"
            ],
            "dev": true,
            "optional": true,
            "os": [
                "linux"
            ],
            "engines": {
                "node": ">=18"
            }
        },
        "node_modules/@esbuild/linux-x64": {
            "version": "0.23.0",
            "resolved": "https://registry.npmjs.org/@esbuild/linux-x64/-/linux-x64-0.23.0.tgz",
            "integrity": "sha512-a3pMQhUEJkITgAw6e0bWA+F+vFtCciMjW/LPtoj99MhVt+Mfb6bbL9hu2wmTZgNd994qTAEw+U/r6k3qHWWaOQ==",
            "cpu": [
                "x64"
            ],
            "dev": true,
            "optional": true,
            "os": [
                "linux"
            ],
            "engines": {
                "node": ">=18"
            }
        },
        "node_modules/@esbuild/netbsd-x64": {
            "version": "0.23.0",
            "resolved": "https://registry.npmjs.org/@esbuild/netbsd-x64/-/netbsd-x64-0.23.0.tgz",
            "integrity": "sha512-cRK+YDem7lFTs2Q5nEv/HHc4LnrfBCbH5+JHu6wm2eP+d8OZNoSMYgPZJq78vqQ9g+9+nMuIsAO7skzphRXHyw==",
            "cpu": [
                "x64"
            ],
            "dev": true,
            "optional": true,
            "os": [
                "netbsd"
            ],
            "engines": {
                "node": ">=18"
            }
        },
        "node_modules/@esbuild/openbsd-arm64": {
            "version": "0.23.0",
            "resolved": "https://registry.npmjs.org/@esbuild/openbsd-arm64/-/openbsd-arm64-0.23.0.tgz",
            "integrity": "sha512-suXjq53gERueVWu0OKxzWqk7NxiUWSUlrxoZK7usiF50C6ipColGR5qie2496iKGYNLhDZkPxBI3erbnYkU0rQ==",
            "cpu": [
                "arm64"
            ],
            "dev": true,
            "optional": true,
            "os": [
                "openbsd"
            ],
            "engines": {
                "node": ">=18"
            }
        },
        "node_modules/@esbuild/openbsd-x64": {
            "version": "0.23.0",
            "resolved": "https://registry.npmjs.org/@esbuild/openbsd-x64/-/openbsd-x64-0.23.0.tgz",
            "integrity": "sha512-6p3nHpby0DM/v15IFKMjAaayFhqnXV52aEmv1whZHX56pdkK+MEaLoQWj+H42ssFarP1PcomVhbsR4pkz09qBg==",
            "cpu": [
                "x64"
            ],
            "dev": true,
            "optional": true,
            "os": [
                "openbsd"
            ],
            "engines": {
                "node": ">=18"
            }
        },
        "node_modules/@esbuild/sunos-x64": {
            "version": "0.23.0",
            "resolved": "https://registry.npmjs.org/@esbuild/sunos-x64/-/sunos-x64-0.23.0.tgz",
            "integrity": "sha512-BFelBGfrBwk6LVrmFzCq1u1dZbG4zy/Kp93w2+y83Q5UGYF1d8sCzeLI9NXjKyujjBBniQa8R8PzLFAUrSM9OA==",
            "cpu": [
                "x64"
            ],
            "dev": true,
            "optional": true,
            "os": [
                "sunos"
            ],
            "engines": {
                "node": ">=18"
            }
        },
        "node_modules/@esbuild/win32-arm64": {
            "version": "0.23.0",
            "resolved": "https://registry.npmjs.org/@esbuild/win32-arm64/-/win32-arm64-0.23.0.tgz",
            "integrity": "sha512-lY6AC8p4Cnb7xYHuIxQ6iYPe6MfO2CC43XXKo9nBXDb35krYt7KGhQnOkRGar5psxYkircpCqfbNDB4uJbS2jQ==",
            "cpu": [
                "arm64"
            ],
            "dev": true,
            "optional": true,
            "os": [
                "win32"
            ],
            "engines": {
                "node": ">=18"
            }
        },
        "node_modules/@esbuild/win32-ia32": {
            "version": "0.23.0",
            "resolved": "https://registry.npmjs.org/@esbuild/win32-ia32/-/win32-ia32-0.23.0.tgz",
            "integrity": "sha512-7L1bHlOTcO4ByvI7OXVI5pNN6HSu6pUQq9yodga8izeuB1KcT2UkHaH6118QJwopExPn0rMHIseCTx1CRo/uNA==",
            "cpu": [
                "ia32"
            ],
            "dev": true,
            "optional": true,
            "os": [
                "win32"
            ],
            "engines": {
                "node": ">=18"
            }
        },
        "node_modules/@esbuild/win32-x64": {
            "version": "0.23.0",
            "resolved": "https://registry.npmjs.org/@esbuild/win32-x64/-/win32-x64-0.23.0.tgz",
            "integrity": "sha512-Arm+WgUFLUATuoxCJcahGuk6Yj9Pzxd6l11Zb/2aAuv5kWWvvfhLFo2fni4uSK5vzlUdCGZ/BdV5tH8klj8p8g==",
            "cpu": [
                "x64"
            ],
            "dev": true,
            "optional": true,
            "os": [
                "win32"
            ],
            "engines": {
                "node": ">=18"
            }
        },
        "node_modules/@fastify/busboy": {
            "version": "2.1.1",
            "resolved": "https://registry.npmjs.org/@fastify/busboy/-/busboy-2.1.1.tgz",
            "integrity": "sha512-vBZP4NlzfOlerQTnba4aqZoMhE/a9HY7HRqoOPaETQcSQuWEIyZMHGfVu6w9wGtGK5fED5qRs2DteVCjOH60sA==",
            "engines": {
                "node": ">=14"
            }
        },
        "node_modules/@octokit/action": {
            "version": "7.0.0",
            "resolved": "https://registry.npmjs.org/@octokit/action/-/action-7.0.0.tgz",
            "integrity": "sha512-YVstbUS7vbW0frVGAGtYpSqjbgCwQW1OO0WS+sc/fx0RnW0PP4kPgMCmkgkLAm51WyYTWOOQRA1HuaGTSFgyfQ==",
            "dependencies": {
                "@octokit/auth-action": "^5.1.1",
                "@octokit/core": "^6.1.2",
                "@octokit/plugin-paginate-rest": "^11.1.1",
                "@octokit/plugin-rest-endpoint-methods": "^13.0.1",
                "@octokit/types": "^13.0.0",
                "undici": "^6.0.0"
            },
            "engines": {
                "node": ">= 18"
            }
        },
        "node_modules/@octokit/action/node_modules/undici": {
            "version": "6.19.2",
            "resolved": "https://registry.npmjs.org/undici/-/undici-6.19.2.tgz",
            "integrity": "sha512-JfjKqIauur3Q6biAtHJ564e3bWa8VvT+7cSiOJHFbX4Erv6CLGDpg8z+Fmg/1OI/47RA+GI2QZaF48SSaLvyBA==",
            "engines": {
                "node": ">=18.17"
            }
        },
        "node_modules/@octokit/app": {
            "version": "15.1.0",
            "resolved": "https://registry.npmjs.org/@octokit/app/-/app-15.1.0.tgz",
            "integrity": "sha512-TkBr7QgOmE6ORxvIAhDbZsqPkF7RSqTY4pLTtUQCvr6dTXqvi2fFo46q3h1lxlk/sGMQjqyZ0kEahkD/NyzOHg==",
            "dependencies": {
                "@octokit/auth-app": "^7.0.0",
                "@octokit/auth-unauthenticated": "^6.0.0",
                "@octokit/core": "^6.1.2",
                "@octokit/oauth-app": "^7.0.0",
                "@octokit/plugin-paginate-rest": "^11.0.0",
                "@octokit/types": "^13.0.0",
                "@octokit/webhooks": "^13.0.0"
            },
            "engines": {
                "node": ">= 18"
            }
        },
        "node_modules/@octokit/auth-action": {
            "version": "5.1.1",
            "resolved": "https://registry.npmjs.org/@octokit/auth-action/-/auth-action-5.1.1.tgz",
            "integrity": "sha512-JE2gbAZcwwVuww88YY7oB97P6eVAPgKZk2US9Uyz+ZUw5ubeRkZqog7G/gUEAjayIFt8s0UX3qNntP1agVcB0g==",
            "dependencies": {
                "@octokit/auth-token": "^5.0.0",
                "@octokit/types": "^13.0.0"
            },
            "engines": {
                "node": ">= 18"
            }
        },
        "node_modules/@octokit/auth-app": {
            "version": "7.1.0",
            "resolved": "https://registry.npmjs.org/@octokit/auth-app/-/auth-app-7.1.0.tgz",
            "integrity": "sha512-cazGaJPSgeZ8NkVYeM/C5l/6IQ5vZnsI8p1aMucadCkt/bndI+q+VqwrlnWbASRmenjOkf1t1RpCKrif53U8gw==",
            "dependencies": {
                "@octokit/auth-oauth-app": "^8.1.0",
                "@octokit/auth-oauth-user": "^5.1.0",
                "@octokit/request": "^9.1.1",
                "@octokit/request-error": "^6.1.1",
                "@octokit/types": "^13.4.1",
                "lru-cache": "^10.0.0",
                "universal-github-app-jwt": "^2.2.0",
                "universal-user-agent": "^7.0.0"
            },
            "engines": {
                "node": ">= 18"
            }
        },
        "node_modules/@octokit/auth-oauth-app": {
            "version": "8.1.1",
            "resolved": "https://registry.npmjs.org/@octokit/auth-oauth-app/-/auth-oauth-app-8.1.1.tgz",
            "integrity": "sha512-5UtmxXAvU2wfcHIPPDWzVSAWXVJzG3NWsxb7zCFplCWEmMCArSZV0UQu5jw5goLQXbFyOr5onzEH37UJB3zQQg==",
            "dependencies": {
                "@octokit/auth-oauth-device": "^7.0.0",
                "@octokit/auth-oauth-user": "^5.0.1",
                "@octokit/request": "^9.0.0",
                "@octokit/types": "^13.0.0",
                "universal-user-agent": "^7.0.0"
            },
            "engines": {
                "node": ">= 18"
            }
        },
        "node_modules/@octokit/auth-oauth-device": {
            "version": "7.1.1",
            "resolved": "https://registry.npmjs.org/@octokit/auth-oauth-device/-/auth-oauth-device-7.1.1.tgz",
            "integrity": "sha512-HWl8lYueHonuyjrKKIup/1tiy0xcmQCdq5ikvMO1YwkNNkxb6DXfrPjrMYItNLyCP/o2H87WuijuE+SlBTT8eg==",
            "dependencies": {
                "@octokit/oauth-methods": "^5.0.0",
                "@octokit/request": "^9.0.0",
                "@octokit/types": "^13.0.0",
                "universal-user-agent": "^7.0.0"
            },
            "engines": {
                "node": ">= 18"
            }
        },
        "node_modules/@octokit/auth-oauth-user": {
            "version": "5.1.1",
            "resolved": "https://registry.npmjs.org/@octokit/auth-oauth-user/-/auth-oauth-user-5.1.1.tgz",
            "integrity": "sha512-rRkMz0ErOppdvEfnemHJXgZ9vTPhBuC6yASeFaB7I2yLMd7QpjfrL1mnvRPlyKo+M6eeLxrKanXJ9Qte29SRsw==",
            "dependencies": {
                "@octokit/auth-oauth-device": "^7.0.1",
                "@octokit/oauth-methods": "^5.0.0",
                "@octokit/request": "^9.0.1",
                "@octokit/types": "^13.0.0",
                "universal-user-agent": "^7.0.0"
            },
            "engines": {
                "node": ">= 18"
            }
        },
        "node_modules/@octokit/auth-token": {
            "version": "5.1.1",
            "resolved": "https://registry.npmjs.org/@octokit/auth-token/-/auth-token-5.1.1.tgz",
            "integrity": "sha512-rh3G3wDO8J9wSjfI436JUKzHIxq8NaiL0tVeB2aXmG6p/9859aUOAjA9pmSPNGGZxfwmaJ9ozOJImuNVJdpvbA==",
            "engines": {
                "node": ">= 18"
            }
        },
        "node_modules/@octokit/auth-unauthenticated": {
            "version": "6.1.0",
            "resolved": "https://registry.npmjs.org/@octokit/auth-unauthenticated/-/auth-unauthenticated-6.1.0.tgz",
            "integrity": "sha512-zPSmfrUAcspZH/lOFQnVnvjQZsIvmfApQH6GzJrkIunDooU1Su2qt2FfMTSVPRp7WLTQyC20Kd55lF+mIYaohQ==",
            "dependencies": {
                "@octokit/request-error": "^6.0.1",
                "@octokit/types": "^13.0.0"
            },
            "engines": {
                "node": ">= 18"
            }
        },
        "node_modules/@octokit/core": {
            "version": "6.1.2",
            "resolved": "https://registry.npmjs.org/@octokit/core/-/core-6.1.2.tgz",
            "integrity": "sha512-hEb7Ma4cGJGEUNOAVmyfdB/3WirWMg5hDuNFVejGEDFqupeOysLc2sG6HJxY2etBp5YQu5Wtxwi020jS9xlUwg==",
            "dependencies": {
                "@octokit/auth-token": "^5.0.0",
                "@octokit/graphql": "^8.0.0",
                "@octokit/request": "^9.0.0",
                "@octokit/request-error": "^6.0.1",
                "@octokit/types": "^13.0.0",
                "before-after-hook": "^3.0.2",
                "universal-user-agent": "^7.0.0"
            },
            "engines": {
                "node": ">= 18"
            }
        },
        "node_modules/@octokit/endpoint": {
            "version": "10.1.1",
            "resolved": "https://registry.npmjs.org/@octokit/endpoint/-/endpoint-10.1.1.tgz",
            "integrity": "sha512-JYjh5rMOwXMJyUpj028cu0Gbp7qe/ihxfJMLc8VZBMMqSwLgOxDI1911gV4Enl1QSavAQNJcwmwBF9M0VvLh6Q==",
            "dependencies": {
                "@octokit/types": "^13.0.0",
                "universal-user-agent": "^7.0.2"
            },
            "engines": {
                "node": ">= 18"
            }
        },
        "node_modules/@octokit/graphql": {
            "version": "8.1.1",
            "resolved": "https://registry.npmjs.org/@octokit/graphql/-/graphql-8.1.1.tgz",
            "integrity": "sha512-ukiRmuHTi6ebQx/HFRCXKbDlOh/7xEV6QUXaE7MJEKGNAncGI/STSbOkl12qVXZrfZdpXctx5O9X1AIaebiDBg==",
            "dependencies": {
                "@octokit/request": "^9.0.0",
                "@octokit/types": "^13.0.0",
                "universal-user-agent": "^7.0.0"
            },
            "engines": {
                "node": ">= 18"
            }
        },
        "node_modules/@octokit/graphql-schema": {
            "version": "15.25.0",
            "resolved": "https://registry.npmjs.org/@octokit/graphql-schema/-/graphql-schema-15.25.0.tgz",
            "integrity": "sha512-aqz9WECtdxVWSqgKroUu9uu+CRt5KnfErWs0dBPKlTdrreAeWzS5NRu22ZVcGdPP7s3XDg2Gnf5iyoZPCRZWmQ==",
            "dev": true,
            "dependencies": {
                "graphql": "^16.0.0",
                "graphql-tag": "^2.10.3"
            }
        },
        "node_modules/@octokit/oauth-app": {
            "version": "7.1.3",
            "resolved": "https://registry.npmjs.org/@octokit/oauth-app/-/oauth-app-7.1.3.tgz",
            "integrity": "sha512-EHXbOpBkSGVVGF1W+NLMmsnSsJRkcrnVmDKt0TQYRBb6xWfWzoi9sBD4DIqZ8jGhOWO/V8t4fqFyJ4vDQDn9bg==",
            "dependencies": {
                "@octokit/auth-oauth-app": "^8.0.0",
                "@octokit/auth-oauth-user": "^5.0.1",
                "@octokit/auth-unauthenticated": "^6.0.0-beta.1",
                "@octokit/core": "^6.0.0",
                "@octokit/oauth-authorization-url": "^7.0.0",
                "@octokit/oauth-methods": "^5.0.0",
                "@types/aws-lambda": "^8.10.83",
                "universal-user-agent": "^7.0.0"
            },
            "engines": {
                "node": ">= 18"
            }
        },
        "node_modules/@octokit/oauth-authorization-url": {
            "version": "7.1.1",
            "resolved": "https://registry.npmjs.org/@octokit/oauth-authorization-url/-/oauth-authorization-url-7.1.1.tgz",
            "integrity": "sha512-ooXV8GBSabSWyhLUowlMIVd9l1s2nsOGQdlP2SQ4LnkEsGXzeCvbSbCPdZThXhEFzleGPwbapT0Sb+YhXRyjCA==",
            "engines": {
                "node": ">= 18"
            }
        },
        "node_modules/@octokit/oauth-methods": {
            "version": "5.1.2",
            "resolved": "https://registry.npmjs.org/@octokit/oauth-methods/-/oauth-methods-5.1.2.tgz",
            "integrity": "sha512-C5lglRD+sBlbrhCUTxgJAFjWgJlmTx5bQ7Ch0+2uqRjYv7Cfb5xpX4WuSC9UgQna3sqRGBL9EImX9PvTpMaQ7g==",
            "dependencies": {
                "@octokit/oauth-authorization-url": "^7.0.0",
                "@octokit/request": "^9.1.0",
                "@octokit/request-error": "^6.1.0",
                "@octokit/types": "^13.0.0"
            },
            "engines": {
                "node": ">= 18"
            }
        },
        "node_modules/@octokit/openapi-types": {
            "version": "22.2.0",
            "resolved": "https://registry.npmjs.org/@octokit/openapi-types/-/openapi-types-22.2.0.tgz",
            "integrity": "sha512-QBhVjcUa9W7Wwhm6DBFu6ZZ+1/t/oYxqc2tp81Pi41YNuJinbFRx8B133qVOrAaBbF7D/m0Et6f9/pZt9Rc+tg=="
        },
        "node_modules/@octokit/openapi-webhooks-types": {
            "version": "8.3.0",
            "resolved": "https://registry.npmjs.org/@octokit/openapi-webhooks-types/-/openapi-webhooks-types-8.3.0.tgz",
            "integrity": "sha512-vKLsoR4xQxg4Z+6rU/F65ItTUz/EXbD+j/d4mlq2GW8TsA4Tc8Kdma2JTAAJ5hrKWUQzkR/Esn2fjsqiVRYaQg=="
        },
        "node_modules/@octokit/plugin-paginate-graphql": {
            "version": "5.2.2",
            "resolved": "https://registry.npmjs.org/@octokit/plugin-paginate-graphql/-/plugin-paginate-graphql-5.2.2.tgz",
            "integrity": "sha512-7znSVvlNAOJisCqAnjN1FtEziweOHSjPGAuc5W58NeGNAr/ZB57yCsjQbXDlWsVryA7hHQaEQPcBbJYFawlkyg==",
            "engines": {
                "node": ">= 18"
            },
            "peerDependencies": {
                "@octokit/core": ">=6"
            }
        },
        "node_modules/@octokit/plugin-paginate-rest": {
            "version": "11.3.3",
            "resolved": "https://registry.npmjs.org/@octokit/plugin-paginate-rest/-/plugin-paginate-rest-11.3.3.tgz",
            "integrity": "sha512-o4WRoOJZlKqEEgj+i9CpcmnByvtzoUYC6I8PD2SA95M+BJ2x8h7oLcVOg9qcowWXBOdcTRsMZiwvM3EyLm9AfA==",
            "dependencies": {
                "@octokit/types": "^13.5.0"
            },
            "engines": {
                "node": ">= 18"
            },
            "peerDependencies": {
                "@octokit/core": ">=6"
            }
        },
        "node_modules/@octokit/plugin-rest-endpoint-methods": {
            "version": "13.2.4",
            "resolved": "https://registry.npmjs.org/@octokit/plugin-rest-endpoint-methods/-/plugin-rest-endpoint-methods-13.2.4.tgz",
            "integrity": "sha512-gusyAVgTrPiuXOdfqOySMDztQHv6928PQ3E4dqVGEtOvRXAKRbJR4b1zQyniIT9waqaWk/UDaoJ2dyPr7Bk7Iw==",
            "dependencies": {
                "@octokit/types": "^13.5.0"
            },
            "engines": {
                "node": ">= 18"
            },
            "peerDependencies": {
                "@octokit/core": ">=6"
            }
        },
        "node_modules/@octokit/plugin-retry": {
            "version": "7.1.1",
            "resolved": "https://registry.npmjs.org/@octokit/plugin-retry/-/plugin-retry-7.1.1.tgz",
            "integrity": "sha512-G9Ue+x2odcb8E1XIPhaFBnTTIrrUDfXN05iFXiqhR+SeeeDMMILcAnysOsxUpEWcQp2e5Ft397FCXTcPkiPkLw==",
            "dependencies": {
                "@octokit/request-error": "^6.0.0",
                "@octokit/types": "^13.0.0",
                "bottleneck": "^2.15.3"
            },
            "engines": {
                "node": ">= 18"
            },
            "peerDependencies": {
                "@octokit/core": ">=6"
            }
        },
        "node_modules/@octokit/plugin-throttling": {
            "version": "9.3.1",
            "resolved": "https://registry.npmjs.org/@octokit/plugin-throttling/-/plugin-throttling-9.3.1.tgz",
            "integrity": "sha512-Qd91H4liUBhwLB2h6jZ99bsxoQdhgPk6TdwnClPyTBSDAdviGPceViEgUwj+pcQDmB/rfAXAXK7MTochpHM3yQ==",
            "dependencies": {
                "@octokit/types": "^13.0.0",
                "bottleneck": "^2.15.3"
            },
            "engines": {
                "node": ">= 18"
            },
            "peerDependencies": {
                "@octokit/core": "^6.0.0"
            }
        },
        "node_modules/@octokit/request": {
            "version": "9.1.3",
            "resolved": "https://registry.npmjs.org/@octokit/request/-/request-9.1.3.tgz",
            "integrity": "sha512-V+TFhu5fdF3K58rs1pGUJIDH5RZLbZm5BI+MNF+6o/ssFNT4vWlCh/tVpF3NxGtP15HUxTTMUbsG5llAuU2CZA==",
            "dependencies": {
                "@octokit/endpoint": "^10.0.0",
                "@octokit/request-error": "^6.0.1",
                "@octokit/types": "^13.1.0",
                "universal-user-agent": "^7.0.2"
            },
            "engines": {
                "node": ">= 18"
            }
        },
        "node_modules/@octokit/request-error": {
            "version": "6.1.4",
            "resolved": "https://registry.npmjs.org/@octokit/request-error/-/request-error-6.1.4.tgz",
            "integrity": "sha512-VpAhIUxwhWZQImo/dWAN/NpPqqojR6PSLgLYAituLM6U+ddx9hCioFGwBr5Mi+oi5CLeJkcAs3gJ0PYYzU6wUg==",
            "dependencies": {
                "@octokit/types": "^13.0.0"
            },
            "engines": {
                "node": ">= 18"
            }
        },
        "node_modules/@octokit/types": {
            "version": "13.5.0",
            "resolved": "https://registry.npmjs.org/@octokit/types/-/types-13.5.0.tgz",
            "integrity": "sha512-HdqWTf5Z3qwDVlzCrP8UJquMwunpDiMPt5er+QjGzL4hqr/vBVY/MauQgS1xWxCDT1oMx1EULyqxncdCY/NVSQ==",
            "dependencies": {
                "@octokit/openapi-types": "^22.2.0"
            }
        },
        "node_modules/@octokit/webhooks": {
            "version": "13.3.0",
            "resolved": "https://registry.npmjs.org/@octokit/webhooks/-/webhooks-13.3.0.tgz",
            "integrity": "sha512-TUkJLtI163Bz5+JK0O+zDkQpn4gKwN+BovclUvCj6pI/6RXrFqQvUMRS2M+Rt8Rv0qR3wjoMoOPmpJKeOh0nBg==",
            "dependencies": {
                "@octokit/openapi-webhooks-types": "8.3.0",
                "@octokit/request-error": "^6.0.1",
                "@octokit/webhooks-methods": "^5.0.0"
            },
            "engines": {
                "node": ">= 18"
            }
        },
        "node_modules/@octokit/webhooks-methods": {
            "version": "5.1.0",
            "resolved": "https://registry.npmjs.org/@octokit/webhooks-methods/-/webhooks-methods-5.1.0.tgz",
            "integrity": "sha512-yFZa3UH11VIxYnnoOYCVoJ3q4ChuSOk2IVBBQ0O3xtKX4x9bmKb/1t+Mxixv2iUhzMdOl1qeWJqEhouXXzB3rQ==",
            "engines": {
                "node": ">= 18"
            }
        },
        "node_modules/@types/aws-lambda": {
            "version": "8.10.141",
            "resolved": "https://registry.npmjs.org/@types/aws-lambda/-/aws-lambda-8.10.141.tgz",
            "integrity": "sha512-SMWlRBukG9KV8ZNjwemp2AzDibp/czIAeKKTw09nCPbWxVskIxactCJCGOp4y6I1hCMY7T7UGfySvBLXNeUbEw=="
        },
        "node_modules/before-after-hook": {
            "version": "3.0.2",
            "resolved": "https://registry.npmjs.org/before-after-hook/-/before-after-hook-3.0.2.tgz",
            "integrity": "sha512-Nik3Sc0ncrMK4UUdXQmAnRtzmNQTAAXmXIopizwZ1W1t8QmfJj+zL4OA2I7XPTPW5z5TDqv4hRo/JzouDJnX3A=="
        },
        "node_modules/bottleneck": {
            "version": "2.19.5",
            "resolved": "https://registry.npmjs.org/bottleneck/-/bottleneck-2.19.5.tgz",
            "integrity": "sha512-VHiNCbI1lKdl44tGrhNfU3lup0Tj/ZBMJB5/2ZbNXRCPuRCO7ed2mgcK4r17y+KB2EfuYuRaVlwNbAeaWGSpbw=="
        },
        "node_modules/esbuild": {
            "version": "0.23.0",
            "resolved": "https://registry.npmjs.org/esbuild/-/esbuild-0.23.0.tgz",
            "integrity": "sha512-1lvV17H2bMYda/WaFb2jLPeHU3zml2k4/yagNMG8Q/YtfMjCwEUZa2eXXMgZTVSL5q1n4H7sQ0X6CdJDqqeCFA==",
            "dev": true,
            "hasInstallScript": true,
            "bin": {
                "esbuild": "bin/esbuild"
            },
            "engines": {
                "node": ">=18"
            },
            "optionalDependencies": {
                "@esbuild/aix-ppc64": "0.23.0",
                "@esbuild/android-arm": "0.23.0",
                "@esbuild/android-arm64": "0.23.0",
                "@esbuild/android-x64": "0.23.0",
                "@esbuild/darwin-arm64": "0.23.0",
                "@esbuild/darwin-x64": "0.23.0",
                "@esbuild/freebsd-arm64": "0.23.0",
                "@esbuild/freebsd-x64": "0.23.0",
                "@esbuild/linux-arm": "0.23.0",
                "@esbuild/linux-arm64": "0.23.0",
                "@esbuild/linux-ia32": "0.23.0",
                "@esbuild/linux-loong64": "0.23.0",
                "@esbuild/linux-mips64el": "0.23.0",
                "@esbuild/linux-ppc64": "0.23.0",
                "@esbuild/linux-riscv64": "0.23.0",
                "@esbuild/linux-s390x": "0.23.0",
                "@esbuild/linux-x64": "0.23.0",
                "@esbuild/netbsd-x64": "0.23.0",
                "@esbuild/openbsd-arm64": "0.23.0",
                "@esbuild/openbsd-x64": "0.23.0",
                "@esbuild/sunos-x64": "0.23.0",
                "@esbuild/win32-arm64": "0.23.0",
                "@esbuild/win32-ia32": "0.23.0",
                "@esbuild/win32-x64": "0.23.0"
            }
        },
        "node_modules/graphql": {
            "version": "16.9.0",
            "resolved": "https://registry.npmjs.org/graphql/-/graphql-16.9.0.tgz",
            "integrity": "sha512-GGTKBX4SD7Wdb8mqeDLni2oaRGYQWjWHGKPQ24ZMnUtKfcsVoiv4uX8+LJr1K6U5VW2Lu1BwJnj7uiori0YtRw==",
            "dev": true,
            "engines": {
                "node": "^12.22.0 || ^14.16.0 || ^16.0.0 || >=17.0.0"
            }
        },
        "node_modules/graphql-tag": {
            "version": "2.12.6",
            "resolved": "https://registry.npmjs.org/graphql-tag/-/graphql-tag-2.12.6.tgz",
            "integrity": "sha512-FdSNcu2QQcWnM2VNvSCCDCVS5PpPqpzgFT8+GXzqJuoDd0CBncxCY278u4mhRO7tMgo2JjgJA5aZ+nWSQ/Z+xg==",
            "dev": true,
            "dependencies": {
                "tslib": "^2.1.0"
            },
            "engines": {
                "node": ">=10"
            },
            "peerDependencies": {
                "graphql": "^0.9.0 || ^0.10.0 || ^0.11.0 || ^0.12.0 || ^0.13.0 || ^14.0.0 || ^15.0.0 || ^16.0.0"
            }
        },
        "node_modules/lru-cache": {
            "version": "10.4.3",
            "resolved": "https://registry.npmjs.org/lru-cache/-/lru-cache-10.4.3.tgz",
            "integrity": "sha512-JNAzZcXrCt42VGLuYz0zfAzDfAvJWW6AfYlDBQyDV5DClI2m5sAmK+OIO7s59XfsRsWHp02jAJrRadPRGTt6SQ=="
        },
        "node_modules/octokit": {
            "version": "4.0.2",
            "resolved": "https://registry.npmjs.org/octokit/-/octokit-4.0.2.tgz",
            "integrity": "sha512-wbqF4uc1YbcldtiBFfkSnquHtECEIpYD78YUXI6ri1Im5OO2NLo6ZVpRdbJpdnpZ05zMrVPssNiEo6JQtea+Qg==",
            "dependencies": {
                "@octokit/app": "^15.0.0",
                "@octokit/core": "^6.0.0",
                "@octokit/oauth-app": "^7.0.0",
                "@octokit/plugin-paginate-graphql": "^5.0.0",
                "@octokit/plugin-paginate-rest": "^11.0.0",
                "@octokit/plugin-rest-endpoint-methods": "^13.0.0",
                "@octokit/plugin-retry": "^7.0.0",
                "@octokit/plugin-throttling": "^9.0.0",
                "@octokit/request-error": "^6.0.0",
                "@octokit/types": "^13.0.0"
            },
            "engines": {
                "node": ">= 18"
            }
        },
        "node_modules/tslib": {
            "version": "2.6.3",
            "resolved": "https://registry.npmjs.org/tslib/-/tslib-2.6.3.tgz",
            "integrity": "sha512-xNvxJEOUiWPGhUuUdQgAJPKOOJfGnIyKySOc09XkKsgdUV/3E2zvwZYdejjmRgPCgcym1juLH3226yA7sEFJKQ==",
            "dev": true
        },
        "node_modules/tunnel": {
            "version": "0.0.6",
            "resolved": "https://registry.npmjs.org/tunnel/-/tunnel-0.0.6.tgz",
            "integrity": "sha512-1h/Lnq9yajKY2PEbBadPXj3VxsDDu844OnaAo52UVmIzIvwwtBPIuNvkjuzBlTWpfJyUbG3ez0KSBibQkj4ojg==",
            "engines": {
                "node": ">=0.6.11 <=0.7.0 || >=0.7.3"
            }
        },
        "node_modules/typescript": {
            "version": "5.5.3",
            "resolved": "https://registry.npmjs.org/typescript/-/typescript-5.5.3.tgz",
            "integrity": "sha512-/hreyEujaB0w76zKo6717l3L0o/qEUtRgdvUBvlkhoWeOVMjMuHNHk0BRBzikzuGDqNmPQbg5ifMEqsHLiIUcQ==",
            "dev": true,
            "bin": {
                "tsc": "bin/tsc",
                "tsserver": "bin/tsserver"
            },
            "engines": {
                "node": ">=14.17"
            }
        },
        "node_modules/undici": {
            "version": "5.28.4",
            "resolved": "https://registry.npmjs.org/undici/-/undici-5.28.4.tgz",
            "integrity": "sha512-72RFADWFqKmUb2hmmvNODKL3p9hcB6Gt2DOQMis1SEBaV6a4MH8soBvzg+95CYhCKPFedut2JY9bMfrDl9D23g==",
            "dependencies": {
                "@fastify/busboy": "^2.0.0"
            },
            "engines": {
                "node": ">=14.0"
            }
        },
        "node_modules/universal-github-app-jwt": {
            "version": "2.2.0",
            "resolved": "https://registry.npmjs.org/universal-github-app-jwt/-/universal-github-app-jwt-2.2.0.tgz",
            "integrity": "sha512-G5o6f95b5BggDGuUfKDApKaCgNYy2x7OdHY0zSMF081O0EJobw+1130VONhrA7ezGSV2FNOGyM+KQpQZAr9bIQ=="
        },
        "node_modules/universal-user-agent": {
            "version": "7.0.2",
            "resolved": "https://registry.npmjs.org/universal-user-agent/-/universal-user-agent-7.0.2.tgz",
            "integrity": "sha512-0JCqzSKnStlRRQfCdowvqy3cy0Dvtlb8xecj/H8JFZuCze4rwjPZQOgvFvn0Ws/usCHQFGpyr+pB9adaGwXn4Q=="
        },
        "node_modules/uuid": {
            "version": "8.3.2",
            "resolved": "https://registry.npmjs.org/uuid/-/uuid-8.3.2.tgz",
            "integrity": "sha512-+NYs2QeMWy+GWFOEm9xnn6HCDp0l7QBD7ml8zLUmJ+93Q5NF0NocErnwkTkXVFNiX3/fpC6afS8Dhb/gz7R7eg==",
            "bin": {
                "uuid": "dist/bin/uuid"
            }
        }
    }
}
